
Microsoft Visual Studio Solution File, Format Version 12.00
# Visual Studio Version 17
VisualStudioVersion = 17.0.31919.166
MinimumVisualStudioVersion = 10.0.40219.1
Project("{9A19103F-16F7-4668-BE54-9A1E7A4F7556}") = "ConcatenarPdfs", "ConcatenarPdfs\ConcatenarPdfs.csproj", "{CE740592-B18F-420F-BF80-332C239402ED}"
	ProjectSection(ProjectDependencies) = postProject
		{423BE468-2CAE-44C6-B1D6-77FD0B224448} = {423BE468-2CAE-44C6-B1D6-77FD0B224448}
		{1F7E3BB9-4ECE-47E3-A485-1D4283B3628D} = {1F7E3BB9-4ECE-47E3-A485-1D4283B3628D}
	EndProjectSection
EndProject
Project("{9A19103F-16F7-4668-BE54-9A1E7A4F7556}") = "HtmlPdf", "HtmlPdf\HtmlPdf.csproj", "{5090B43B-B6EE-46A7-9545-8D542FC560EB}"
	ProjectSection(ProjectDependencies) = postProject
		{1F7E3BB9-4ECE-47E3-A485-1D4283B3628D} = {1F7E3BB9-4ECE-47E3-A485-1D4283B3628D}
	EndProjectSection
EndProject
Project("{9A19103F-16F7-4668-BE54-9A1E7A4F7556}") = "Infrastructure", "Infrastructure\Infrastructure.csproj", "{1F7E3BB9-4ECE-47E3-A485-1D4283B3628D}"
EndProject
Project("{9A19103F-16F7-4668-BE54-9A1E7A4F7556}") = "ImageToPdf_v2", "ImageToPdf_v2\ImageToPdf_v2.csproj", "{69485667-A9AB-4C44-9A25-465CEA72A84D}"
	ProjectSection(ProjectDependencies) = postProject
		{1F7E3BB9-4ECE-47E3-A485-1D4283B3628D} = {1F7E3BB9-4ECE-47E3-A485-1D4283B3628D}
	EndProjectSection
EndProject
Project("{FAE04EC0-301F-11D3-BF4B-00C04F79EFBC}") = "Business", "Business\Business.csproj", "{423BE468-2CAE-44C6-B1D6-77FD0B224448}"
	ProjectSection(ProjectDependencies) = postProject
		{1F7E3BB9-4ECE-47E3-A485-1D4283B3628D} = {1F7E3BB9-4ECE-47E3-A485-1D4283B3628D}
	EndProjectSection
EndProject
Global
	GlobalSection(SolutionConfigurationPlatforms) = preSolution
		Debug|Any CPU = Debug|Any CPU
		Release|Any CPU = Release|Any CPU
	EndGlobalSection
	GlobalSection(ProjectConfigurationPlatforms) = postSolution
		{CE740592-B18F-420F-BF80-332C239402ED}.Debug|Any CPU.ActiveCfg = Debug|Any CPU
		{CE740592-B18F-420F-BF80-332C239402ED}.Debug|Any CPU.Build.0 = Debug|Any CPU
		{CE740592-B18F-420F-BF80-332C239402ED}.Release|Any CPU.ActiveCfg = Release|Any CPU
		{CE740592-B18F-420F-BF80-332C239402ED}.Release|Any CPU.Build.0 = Release|Any CPU
		{5090B43B-B6EE-46A7-9545-8D542FC560EB}.Debug|Any CPU.ActiveCfg = Debug|Any CPU
		{5090B43B-B6EE-46A7-9545-8D542FC560EB}.Debug|Any CPU.Build.0 = Debug|Any CPU
		{5090B43B-B6EE-46A7-9545-8D542FC560EB}.Release|Any CPU.ActiveCfg = Release|Any CPU
		{5090B43B-B6EE-46A7-9545-8D542FC560EB}.Release|Any CPU.Build.0 = Release|Any CPU
		{1F7E3BB9-4ECE-47E3-A485-1D4283B3628D}.Debug|Any CPU.ActiveCfg = Debug|Any CPU
		{1F7E3BB9-4ECE-47E3-A485-1D4283B3628D}.Debug|Any CPU.Build.0 = Debug|Any CPU
		{1F7E3BB9-4ECE-47E3-A485-1D4283B3628D}.Release|Any CPU.ActiveCfg = Release|Any CPU
		{1F7E3BB9-4ECE-47E3-A485-1D4283B3628D}.Release|Any CPU.Build.0 = Release|Any CPU
		{69485667-A9AB-4C44-9A25-465CEA72A84D}.Debug|Any CPU.ActiveCfg = Debug|Any CPU
		{69485667-A9AB-4C44-9A25-465CEA72A84D}.Debug|Any CPU.Build.0 = Debug|Any CPU
		{69485667-A9AB-4C44-9A25-465CEA72A84D}.Release|Any CPU.ActiveCfg = Release|Any CPU
		{69485667-A9AB-4C44-9A25-465CEA72A84D}.Release|Any CPU.Build.0 = Release|Any CPU
		{423BE468-2CAE-44C6-B1D6-77FD0B224448}.Debug|Any CPU.ActiveCfg = Debug|Any CPU
		{423BE468-2CAE-44C6-B1D6-77FD0B224448}.Debug|Any CPU.Build.0 = Debug|Any CPU
		{423BE468-2CAE-44C6-B1D6-77FD0B224448}.Release|Any CPU.ActiveCfg = Release|Any CPU
		{423BE468-2CAE-44C6-B1D6-77FD0B224448}.Release|Any CPU.Build.0 = Release|Any CPU
	EndGlobalSection
	GlobalSection(SolutionProperties) = preSolution
		HideSolutionNode = FALSE
	EndGlobalSection
	GlobalSection(ExtensibilityGlobals) = postSolution
		SolutionGuid = {468AF02C-52AD-4A28-AC60-74DF679F5BDB}
	EndGlobalSection
EndGlobal
